
Microsoft Visual Studio Solution File, Format Version 12.00
# Visual Studio Version 16
VisualStudioVersion = 16.0.31424.327
MinimumVisualStudioVersion = 10.0.40219.1
Project("{9A19103F-16F7-4668-BE54-9A1E7A4F7556}") = "PowerFailure", "PowerFailure.csproj", "{D2E4329C-64C4-49FB-ADCD-D0BE27DB962B}"
EndProject
Global
	GlobalSection(SolutionConfigurationPlatforms) = preSolution
		Debug|Any CPU = Debug|Any CPU
		Release|Any CPU = Release|Any CPU
	EndGlobalSection
	GlobalSection(ProjectConfigurationPlatforms) = postSolution
		{D2E4329C-64C4-49FB-ADCD-D0BE27DB962B}.Debug|Any CPU.ActiveCfg = Debug|Any CPU
		{D2E4329C-64C4-49FB-ADCD-D0BE27DB962B}.Debug|Any CPU.Build.0 = Debug|Any CPU
		{D2E4329C-64C4-49FB-ADCD-D0BE27DB962B}.Release|Any CPU.ActiveCfg = Release|Any CPU
		{D2E4329C-64C4-49FB-ADCD-D0BE27DB962B}.Release|Any CPU.Build.0 = Release|Any CPU
	EndGlobalSection
	GlobalSection(SolutionProperties) = preSolution
		HideSolutionNode = FALSE
	EndGlobalSection
	GlobalSection(ExtensibilityGlobals) = postSolution
		SolutionGuid = {93FE67C2-71A8-4421-81E4-686C7DF84DC5}
	EndGlobalSection
EndGlobal
